<?xml version="1.0" encoding="utf-8"?>
<Project ToolsVersion="4.0" xmlns="http://schemas.microsoft.com/developer/msbuild/2003">
  <ItemGroup>
    <Filter Include="Source Files">
      <UniqueIdentifier>{4FC737F1-C7A5-4376-A066-2A32D752A2FF}</UniqueIdentifier>
      <Extensions>cpp;c;cc;cxx;c++;cppm;ixx;def;odl;idl;hpj;bat;asm;asmx</Extensions>
    </Filter>
    <Filter Include="Header Files">
      <UniqueIdentifier>{93995380-89BD-4b04-88EB-625FBE52EBFB}</UniqueIdentifier>
      <Extensions>h;hh;hpp;hxx;h++;hm;inl;inc;ipp;xsd</Extensions>
    </Filter>
    <Filter Include="Resource Files">
      <UniqueIdentifier>{67DA6AB6-F800-4c08-8B7A-83BB121AAD01}</UniqueIdentifier>
      <Extensions>rc;ico;cur;bmp;dlg;rc2;rct;bin;rgs;gif;jpg;jpeg;jpe;resx;tiff;tif;png;wav;mfcribbon-ms</Extensions>
    </Filter>
    <Filter Include="Header Files\Deep">
      <UniqueIdentifier>{bb569d22-05a2-405c-ae95-11a53faf13ac}</UniqueIdentifier>
    </Filter>
    <Filter Include="Header Files\Deep\Debug">
      <UniqueIdentifier>{607965c4-a384-421f-a10e-742240568511}</UniqueIdentifier>
    </Filter>
    <Filter Include="Source Files\Deep">
      <UniqueIdentifier>{92012665-6c37-4d43-8ec7-77bbe755ba90}</UniqueIdentifier>
    </Filter>
    <Filter Include="Source Files\Deep\Debug">
      <UniqueIdentifier>{2e9a2daf-ab44-4b94-8c46-9af9802e4565}</UniqueIdentifier>
    </Filter>
    <Filter Include="Header Files\Deep\Net">
      <UniqueIdentifier>{7779b1db-3f7f-4eaa-9388-de7360604a2a}</UniqueIdentifier>
    </Filter>
    <Filter Include="Source Files\Deep\Net">
      <UniqueIdentifier>{6026bd7b-607e-4085-9fe1-89a8ff9f2b32}</UniqueIdentifier>
    </Filter>
  </ItemGroup>
  <ItemGroup>
    <ClCompile Include="Backend.cpp">
      <Filter>Source Files</Filter>
    </ClCompile>
    <ClCompile Include="Deep\Debug\Memory.cpp">
      <Filter>Source Files\Deep\Debug</Filter>
    </ClCompile>
    <ClCompile Include="Deep\Net\Net_Windows.cpp">
      <Filter>Source Files\Deep\Net</Filter>
    </ClCompile>
  </ItemGroup>
  <ItemGroup>
    <ClInclude Include="Deep\Deep.h">
      <Filter>Header Files\Deep</Filter>
    </ClInclude>
    <ClInclude Include="Deep\Debug\Memory.h">
      <Filter>Header Files\Deep\Debug</Filter>
    </ClInclude>
    <ClInclude Include="Deep\Debug\Memory_Def.h">
      <Filter>Header Files\Deep\Debug</Filter>
    </ClInclude>
    <ClInclude Include="Deep\Debug\Memory_Undef.h">
      <Filter>Header Files\Deep\Debug</Filter>
    </ClInclude>
    <ClInclude Include="Deep\Net\Net_Windows.h">
      <Filter>Header Files\Deep\Net</Filter>
    </ClInclude>
    <ClInclude Include="Deep\Net.h">
      <Filter>Header Files\Deep</Filter>
    </ClInclude>
  </ItemGroup>
</Project>